
Microsoft Visual Studio Solution File, Format Version 12.00
# Visual Studio Version 17
VisualStudioVersion = 17.7.34024.191
MinimumVisualStudioVersion = 10.0.40219.1
Project("{9A19103F-16F7-4668-BE54-9A1E7A4F7556}") = "Prototypes", "Prototypes.csproj", "{BF527A35-83B2-49E2-B937-08204AC6B3DC}"
EndProject
Global
	GlobalSection(SolutionConfigurationPlatforms) = preSolution
		Debug|Any CPU = Debug|Any CPU
		Debug|ARM32 = Debug|ARM32
		Release|Any CPU = Release|Any CPU
		Release|ARM32 = Release|ARM32
	EndGlobalSection
	GlobalSection(ProjectConfigurationPlatforms) = postSolution
		{BF527A35-83B2-49E2-B937-08204AC6B3DC}.Debug|Any CPU.ActiveCfg = Debug|Any CPU
		{BF527A35-83B2-49E2-B937-08204AC6B3DC}.Debug|Any CPU.Build.0 = Debug|Any CPU
		{BF527A35-83B2-49E2-B937-08204AC6B3DC}.Debug|Any CPU.Deploy.0 = Debug|Any CPU
		{BF527A35-83B2-49E2-B937-08204AC6B3DC}.Debug|ARM32.ActiveCfg = Debug|ARM32
		{BF527A35-83B2-49E2-B937-08204AC6B3DC}.Debug|ARM32.Build.0 = Debug|ARM32
		{BF527A35-83B2-49E2-B937-08204AC6B3DC}.Debug|ARM32.Deploy.0 = Debug|ARM32
		{BF527A35-83B2-49E2-B937-08204AC6B3DC}.Release|Any CPU.ActiveCfg = Release|Any CPU
		{BF527A35-83B2-49E2-B937-08204AC6B3DC}.Release|Any CPU.Build.0 = Release|Any CPU
		{BF527A35-83B2-49E2-B937-08204AC6B3DC}.Release|Any CPU.Deploy.0 = Release|Any CPU
		{BF527A35-83B2-49E2-B937-08204AC6B3DC}.Release|ARM32.ActiveCfg = Debug|Any CPU
		{BF527A35-83B2-49E2-B937-08204AC6B3DC}.Release|ARM32.Build.0 = Debug|Any CPU
		{BF527A35-83B2-49E2-B937-08204AC6B3DC}.Release|ARM32.Deploy.0 = Debug|Any CPU
	EndGlobalSection
	GlobalSection(SolutionProperties) = preSolution
		HideSolutionNode = FALSE
	EndGlobalSection
	GlobalSection(ExtensibilityGlobals) = postSolution
		SolutionGuid = {ED0DF589-D36F-411B-BA54-445380E2E5E3}
	EndGlobalSection
EndGlobal
